
Microsoft Visual Studio Solution File, Format Version 12.00
# Visual Studio Version 17
VisualStudioVersion = 17.4.33213.308
MinimumVisualStudioVersion = 10.0.40219.1
Project("{FAE04EC0-301F-11D3-BF4B-00C04F79EFBC}") = "cccc", "cccc.csproj", "{57B79463-B30E-4CF5-8141-A139F7E646BF}"
EndProject
Project("{FAE04EC0-301F-11D3-BF4B-00C04F79EFBC}") = "Clinc-BussnissLayer", "..\Clinc-BussnissLayer\Clinc-BussnissLayer.csproj", "{5DA9A186-F9ED-45C5-83A3-BD619E779A03}"
EndProject
Project("{FAE04EC0-301F-11D3-BF4B-00C04F79EFBC}") = "Clinc-DataLayer", "..\Clinc-DataLayer\Clinc-DataLayer.csproj", "{721B4D78-4AF6-4161-8766-8F063A3A07CC}"
EndProject
Global
	GlobalSection(SolutionConfigurationPlatforms) = preSolution
		Debug|Any CPU = Debug|Any CPU
		Release|Any CPU = Release|Any CPU
	EndGlobalSection
	GlobalSection(ProjectConfigurationPlatforms) = postSolution
		{57B79463-B30E-4CF5-8141-A139F7E646BF}.Debug|Any CPU.ActiveCfg = Debug|Any CPU
		{57B79463-B30E-4CF5-8141-A139F7E646BF}.Debug|Any CPU.Build.0 = Debug|Any CPU
		{57B79463-B30E-4CF5-8141-A139F7E646BF}.Release|Any CPU.ActiveCfg = Release|Any CPU
		{57B79463-B30E-4CF5-8141-A139F7E646BF}.Release|Any CPU.Build.0 = Release|Any CPU
		{5DA9A186-F9ED-45C5-83A3-BD619E779A03}.Debug|Any CPU.ActiveCfg = Debug|Any CPU
		{5DA9A186-F9ED-45C5-83A3-BD619E779A03}.Debug|Any CPU.Build.0 = Debug|Any CPU
		{5DA9A186-F9ED-45C5-83A3-BD619E779A03}.Release|Any CPU.ActiveCfg = Release|Any CPU
		{5DA9A186-F9ED-45C5-83A3-BD619E779A03}.Release|Any CPU.Build.0 = Release|Any CPU
		{721B4D78-4AF6-4161-8766-8F063A3A07CC}.Debug|Any CPU.ActiveCfg = Debug|Any CPU
		{721B4D78-4AF6-4161-8766-8F063A3A07CC}.Debug|Any CPU.Build.0 = Debug|Any CPU
		{721B4D78-4AF6-4161-8766-8F063A3A07CC}.Release|Any CPU.ActiveCfg = Release|Any CPU
		{721B4D78-4AF6-4161-8766-8F063A3A07CC}.Release|Any CPU.Build.0 = Release|Any CPU
	EndGlobalSection
	GlobalSection(SolutionProperties) = preSolution
		HideSolutionNode = FALSE
	EndGlobalSection
	GlobalSection(ExtensibilityGlobals) = postSolution
		SolutionGuid = {CBBAF5F7-6751-4E01-883B-9B8ABC68EB9A}
	EndGlobalSection
EndGlobal
